
Microsoft Visual Studio Solution File, Format Version 12.00
# Visual Studio Version 17
VisualStudioVersion = 17.11.35312.102
MinimumVisualStudioVersion = 10.0.40219.1
Project("{FAE04EC0-301F-11D3-BF4B-00C04F79EFBC}") = "Delegate, Function, Action, Predicate, Lamda expression", "Delegate, Function, Action, Predicate, Lamda expression.csproj", "{979AFA9C-1693-4A6C-A34F-90C237B5D675}"
EndProject
Global
	GlobalSection(SolutionConfigurationPlatforms) = preSolution
		Debug|Any CPU = Debug|Any CPU
		Release|Any CPU = Release|Any CPU
	EndGlobalSection
	GlobalSection(ProjectConfigurationPlatforms) = postSolution
		{979AFA9C-1693-4A6C-A34F-90C237B5D675}.Debug|Any CPU.ActiveCfg = Debug|Any CPU
		{979AFA9C-1693-4A6C-A34F-90C237B5D675}.Debug|Any CPU.Build.0 = Debug|Any CPU
		{979AFA9C-1693-4A6C-A34F-90C237B5D675}.Release|Any CPU.ActiveCfg = Release|Any CPU
		{979AFA9C-1693-4A6C-A34F-90C237B5D675}.Release|Any CPU.Build.0 = Release|Any CPU
	EndGlobalSection
	GlobalSection(SolutionProperties) = preSolution
		HideSolutionNode = FALSE
	EndGlobalSection
	GlobalSection(ExtensibilityGlobals) = postSolution
		SolutionGuid = {7D104C69-5D57-4756-99D4-E3FFCF4B540E}
	EndGlobalSection
EndGlobal
